
Microsoft Visual Studio Solution File, Format Version 12.00
# Visual Studio Version 16
VisualStudioVersion = 16.0.30717.126
MinimumVisualStudioVersion = 10.0.40219.1
Project("{8BC9CEB8-8B4A-11D0-8D11-00A0C91BC942}") = "stm32flash", "stm32flash.vcxproj", "{AA45F293-6A18-4463-B151-82DD841E6FE4}"
EndProject
Global
	GlobalSection(SolutionConfigurationPlatforms) = preSolution
		Debug|x64 = Debug|x64
		Debug|x86 = Debug|x86
		Release|x64 = Release|x64
		Release|x86 = Release|x86
	EndGlobalSection
	GlobalSection(ProjectConfigurationPlatforms) = postSolution
		{AA45F293-6A18-4463-B151-82DD841E6FE4}.Debug|x64.ActiveCfg = Debug|x64
		{AA45F293-6A18-4463-B151-82DD841E6FE4}.Debug|x64.Build.0 = Debug|x64
		{AA45F293-6A18-4463-B151-82DD841E6FE4}.Debug|x86.ActiveCfg = Debug|Win32
		{AA45F293-6A18-4463-B151-82DD841E6FE4}.Debug|x86.Build.0 = Debug|Win32
		{AA45F293-6A18-4463-B151-82DD841E6FE4}.Release|x64.ActiveCfg = Release|x64
		{AA45F293-6A18-4463-B151-82DD841E6FE4}.Release|x64.Build.0 = Release|x64
		{AA45F293-6A18-4463-B151-82DD841E6FE4}.Release|x86.ActiveCfg = Release|Win32
		{AA45F293-6A18-4463-B151-82DD841E6FE4}.Release|x86.Build.0 = Release|Win32
	EndGlobalSection
	GlobalSection(SolutionProperties) = preSolution
		HideSolutionNode = FALSE
	EndGlobalSection
	GlobalSection(ExtensibilityGlobals) = postSolution
		SolutionGuid = {8F87471B-61CA-4A7B-87B4-ACE153B3736F}
	EndGlobalSection
EndGlobal
